dependencies:
- name: opentelemetry-collector
  repository: https://open-telemetry.github.io/opentelemetry-helm-charts
  version: 0.108.1
- name: kube-prometheus-stack
  repository: https://prometheus-community.github.io/helm-charts
  version: 65.8.1
- name: jaeger
  repository: https://jaegertracing.github.io/helm-charts
  version: 3.4.1
- name: loki
  repository: https://grafana.github.io/helm-charts
  version: 6.16.0
- name: promtail
  repository: https://grafana.github.io/helm-charts
  version: 6.16.6
digest: sha256:48fed9c889d6baa010148341fc1821070aca950cff8e8a024a6c4fd178af443c
generated: "2026-04-27T06:02:52.150642075+02:00"
