dependencies:
- name: opentelemetry-collector
  repository: https://open-telemetry.github.io/opentelemetry-helm-charts
  version: 0.108.1
- name: kube-prometheus-stack
  repository: https://prometheus-community.github.io/helm-charts
  version: 65.8.1
- name: jaeger
  repository: https://jaegertracing.github.io/helm-charts
  version: 3.4.1
- name: loki
  repository: https://grafana.github.io/helm-charts
  version: 6.16.0
- name: promtail
  repository: https://grafana.github.io/helm-charts
  version: 6.16.6
digest: sha256:9ea0347c12a9d209e8f38e2ed56309908447911e5cc827e32eefa4ce004181e1
generated: "2026-04-27T03:36:57.853552518+02:00"
