dependencies:
- name: musematic-postgresql
  repository: file://../postgresql
  version: 0.1.0
- name: musematic-redis
  repository: file://../redis
  version: 0.1.0
- name: musematic-kafka
  repository: file://../kafka
  version: 0.1.0
- name: musematic-minio
  repository: file://../minio
  version: 0.1.0
- name: musematic-qdrant
  repository: file://../qdrant
  version: 0.1.0
- name: musematic-neo4j
  repository: file://../neo4j
  version: 0.1.0
- name: musematic-clickhouse
  repository: file://../clickhouse
  version: 0.1.0
- name: musematic-opensearch
  repository: file://../opensearch
  version: 0.1.0
- name: musematic-vault
  repository: file://../vault
  version: 0.1.0
- name: musematic-control-plane
  repository: file://../control-plane
  version: 0.1.0
- name: musematic-runtime-controller
  repository: file://../runtime-controller
  version: 0.1.0
- name: reasoning-engine
  repository: file://../reasoning-engine
  version: 0.1.0
- name: simulation-controller
  repository: file://../simulation-controller
  version: 0.1.0
- name: sandbox-manager
  repository: file://../../../services/sandbox-manager/deploy/helm/sandbox-manager
  version: 0.1.0
- name: musematic-ui
  repository: file://../ui
  version: 0.1.0
- name: musematic-clamav
  repository: file://../clamav
  version: 0.1.0
- name: musematic-public-pages
  repository: file://../public-pages
  version: 0.1.0
digest: sha256:12bfea29d289eb84b65af34b9f01d90ce79e752afcc81c93e28cd80983c7dfcc
generated: "2026-05-03T23:16:59.710328182+02:00"
