dependencies:
- name: opensearch
  repository: https://opensearch-project.github.io/helm-charts
  version: 2.18.0
- name: opensearch-dashboards
  repository: https://opensearch-project.github.io/helm-charts
  version: 2.18.0
digest: sha256:99f1990ca6774fcb76b27000eeaa73809df912696071970099adbb4f83ecc251
generated: "2026-04-13T19:55:11.256234738+02:00"
